
Microsoft Visual Studio Solution File, Format Version 12.00
# Visual Studio Version 16
VisualStudioVersion = 16.0.29920.165
MinimumVisualStudioVersion = 10.0.40219.1
Project("{9A19103F-16F7-4668-BE54-9A1E7A4F7556}") = "Telegram-Helper", "Telegram-Helper\Telegram-Helper.csproj", "{A25FE7F1-0D8A-4AF9-82F8-480F7F479757}"
EndProject
Global
	GlobalSection(SolutionConfigurationPlatforms) = preSolution
		Debug|Any CPU = Debug|Any CPU
		Release|Any CPU = Release|Any CPU
	EndGlobalSection
	GlobalSection(ProjectConfigurationPlatforms) = postSolution
		{A25FE7F1-0D8A-4AF9-82F8-480F7F479757}.Debug|Any CPU.ActiveCfg = Debug|Any CPU
		{A25FE7F1-0D8A-4AF9-82F8-480F7F479757}.Debug|Any CPU.Build.0 = Debug|Any CPU
		{A25FE7F1-0D8A-4AF9-82F8-480F7F479757}.Release|Any CPU.ActiveCfg = Release|Any CPU
		{A25FE7F1-0D8A-4AF9-82F8-480F7F479757}.Release|Any CPU.Build.0 = Release|Any CPU
	EndGlobalSection
	GlobalSection(SolutionProperties) = preSolution
		HideSolutionNode = FALSE
	EndGlobalSection
	GlobalSection(ExtensibilityGlobals) = postSolution
		SolutionGuid = {46B5326A-6897-4156-879B-6A3AE9B0F72D}
	EndGlobalSection
EndGlobal
